
Microsoft Visual Studio Solution File, Format Version 12.00
# Visual Studio 2012
Project("{FAE04EC0-301F-11D3-BF4B-00C04F79EFBC}") = "ShareWIFI", "ShareWIFI\ShareWIFI.csproj", "{5A25C016-3179-4391-9C2E-394BB790AEBC}"
EndProject
Global
	GlobalSection(SolutionConfigurationPlatforms) = preSolution
		Debug|Any CPU = Debug|Any CPU
		Release|Any CPU = Release|Any CPU
	EndGlobalSection
	GlobalSection(ProjectConfigurationPlatforms) = postSolution
		{5A25C016-3179-4391-9C2E-394BB790AEBC}.Debug|Any CPU.ActiveCfg = Debug|Any CPU
		{5A25C016-3179-4391-9C2E-394BB790AEBC}.Debug|Any CPU.Build.0 = Debug|Any CPU
		{5A25C016-3179-4391-9C2E-394BB790AEBC}.Release|Any CPU.ActiveCfg = Release|Any CPU
		{5A25C016-3179-4391-9C2E-394BB790AEBC}.Release|Any CPU.Build.0 = Release|Any CPU
	EndGlobalSection
	GlobalSection(SolutionProperties) = preSolution
		HideSolutionNode = FALSE
	EndGlobalSection
EndGlobal
